// !$*UTF8*$!
{
	archiveVersion = 1;
	classes = {
	};
	objectVersion = 46;
	objects = {

/* Begin PBXBuildFile section */
		5D1D7AA719AE6A2B004D6325 /* Foundation.framework in Frameworks */ = {isa = PBXBuildFile; fileRef = 5D1D7AA619AE6A2B004D6325 /* Foundation.framework */; };
		5D1D7AA919AE6A2B004D6325 /* CoreGraphics.framework in Frameworks */ = {isa = PBXBuildFile; fileRef = 5D1D7AA819AE6A2B004D6325 /* CoreGraphics.framework */; };
		5D1D7AAB19AE6A2B004D6325 /* UIKit.framework in Frameworks */ = {isa = PBXBuildFile; fileRef = 5D1D7AAA19AE6A2B004D6325 /* UIKit.framework */; };
		5D1D7AB119AE6A2B004D6325 /* InfoPlist.strings in Resources */ = {isa = PBXBuildFile; fileRef = 5D1D7AAF19AE6A2B004D6325 /* InfoPlist.strings */; };
		5D1D7AB319AE6A2B004D6325 /* main.m in Sources */ = {isa = PBXBuildFile; fileRef = 5D1D7AB219AE6A2B004D6325 /* main.m */; };
		5D1D7AB719AE6A2B004D6325 /* SimpleWeatherAppDelegate.m in Sources */ = {isa = PBXBuildFile; fileRef = 5D1D7AB619AE6A2B004D6325 /* SimpleWeatherAppDelegate.m */; };
		5D1D7AB919AE6A2B004D6325 /* Images.xcassets in Resources */ = {isa = PBXBuildFile; fileRef = 5D1D7AB819AE6A2B004D6325 /* Images.xcassets */; };
		5D1D7AC019AE6A2B004D6325 /* XCTest.framework in Frameworks */ = {isa = PBXBuildFile; fileRef = 5D1D7ABF19AE6A2B004D6325 /* XCTest.framework */; };
		5D1D7AC119AE6A2B004D6325 /* Foundation.framework in Frameworks */ = {isa = PBXBuildFile; fileRef = 5D1D7AA619AE6A2B004D6325 /* Foundation.framework */; };
		5D1D7AC219AE6A2B004D6325 /* UIKit.framework in Frameworks */ = {isa = PBXBuildFile; fileRef = 5D1D7AAA19AE6A2B004D6325 /* UIKit.framework */; };
		5D1D7ACA19AE6A2B004D6325 /* InfoPlist.strings in Resources */ = {isa = PBXBuildFile; fileRef = 5D1D7AC819AE6A2B004D6325 /* InfoPlist.strings */; };
		5D1D7ACC19AE6A2B004D6325 /* SimpleWeatherTests.m in Sources */ = {isa = PBXBuildFile; fileRef = 5D1D7ACB19AE6A2B004D6325 /* SimpleWeatherTests.m */; };
/* End PBXBuildFile section */

/* Begin PBXContainerItemProxy section */
		5D1D7AC319AE6A2B004D6325 /* PBXContainerItemProxy */ = {
			isa = PBXContainerItemProxy;
			containerPortal = 5D1D7A9B19AE6A2B004D6325 /* Project object */;
			proxyType = 1;
			remoteGlobalIDString = 5D1D7AA219AE6A2B004D6325;
			remoteInfo = SimpleWeather;
		};
/* End PBXContainerItemProxy section */

/* Begin PBXFileReference section */
		5D1D7AA319AE6A2B004D6325 /* SimpleWeather.app */ = {isa = PBXFileReference; explicitFileType = wrapper.application; includeInIndex = 0; path = SimpleWeather.app; sourceTree = BUILT_PRODUCTS_DIR; };
		5D1D7AA619AE6A2B004D6325 /* Foundation.framework */ = {isa = PBXFileReference; lastKnownFileType = wrapper.framework; name = Foundation.framework; path = System/Library/Frameworks/Foundation.framework; sourceTree = SDKROOT; };
		5D1D7AA819AE6A2B004D6325 /* CoreGraphics.framework */ = {isa = PBXFileReference; lastKnownFileType = wrapper.framework; name = CoreGraphics.framework; path = System/Library/Frameworks/CoreGraphics.framework; sourceTree = SDKROOT; };
		5D1D7AAA19AE6A2B004D6325 /* UIKit.framework */ = {isa = PBXFileReference; lastKnownFileType = wrapper.framework; name = UIKit.framework; path = System/Library/Frameworks/UIKit.framework; sourceTree = SDKROOT; };
		5D1D7AAE19AE6A2B004D6325 /* SimpleWeather-Info.plist */ = {isa = PBXFileReference; lastKnownFileType = text.plist.xml; path = "SimpleWeather-Info.plist"; sourceTree = "<group>"; };
		5D1D7AB019AE6A2B004D6325 /* en */ = {isa = PBXFileReference; lastKnownFileType = text.plist.strings; name = en; path = en.lproj/InfoPlist.strings; sourceTree = "<group>"; };
		5D1D7AB219AE6A2B004D6325 /* main.m */ = {isa = PBXFileReference; lastKnownFileType = sourcecode.c.objc; path = main.m; sourceTree = "<group>"; };
		5D1D7AB419AE6A2B004D6325 /* SimpleWeather-Prefix.pch */ = {isa = PBXFileReference; lastKnownFileType = sourcecode.c.h; path = "SimpleWeather-Prefix.pch"; sourceTree = "<group>"; };
		5D1D7AB519AE6A2B004D6325 /* SimpleWeatherAppDelegate.h */ = {isa = PBXFileReference; lastKnownFileType = sourcecode.c.h; path = SimpleWeatherAppDelegate.h; sourceTree = "<group>"; };
		5D1D7AB619AE6A2B004D6325 /* SimpleWeatherAppDelegate.m */ = {isa = PBXFileReference; lastKnownFileType = sourcecode.c.objc; path = SimpleWeatherAppDelegate.m; sourceTree = "<group>"; };
		5D1D7AB819AE6A2B004D6325 /* Images.xcassets */ = {isa = PBXFileReference; lastKnownFileType = folder.assetcatalog; path = Images.xcassets; sourceTree = "<group>"; };
		5D1D7ABE19AE6A2B004D6325 /* SimpleWeatherTests.xctest */ = {isa = PBXFileReference; explicitFileType = wrapper.cfbundle; includeInIndex = 0; path = SimpleWeatherTests.xctest; sourceTree = BUILT_PRODUCTS_DIR; };
		5D1D7ABF19AE6A2B004D6325 /* XCTest.framework */ = {isa = PBXFileReference; lastKnownFileType = wrapper.framework; name = XCTest.framework; path = Library/Frameworks/XCTest.framework; sourceTree = DEVELOPER_DIR; };
		5D1D7AC719AE6A2B004D6325 /* SimpleWeatherTests-Info.plist */ = {isa = PBXFileReference; lastKnownFileType = text.plist.xml; path = "SimpleWeatherTests-Info.plist"; sourceTree = "<group>"; };
		5D1D7AC919AE6A2B004D6325 /* en */ = {isa = PBXFileReference; lastKnownFileType = text.plist.strings; name = en; path = en.lproj/InfoPlist.strings; sourceTree = "<group>"; };
		5D1D7ACB19AE6A2B004D6325 /* SimpleWeatherTests.m */ = {isa = PBXFileReference; lastKnownFileType = sourcecode.c.objc; path = SimpleWeatherTests.m; sourceTree = "<group>"; };
/* End PBXFileReference section */

/* Begin PBXFrameworksBuildPhase section */
		5D1D7AA019AE6A2B004D6325 /* Frameworks */ = {
			isa = PBXFrameworksBuildPhase;
			buildActionMask = 2147483647;
			files = (
				5D1D7AA919AE6A2B004D6325 /* CoreGraphics.framework in Frameworks */,
				5D1D7AAB19AE6A2B004D6325 /* UIKit.framework in Frameworks */,
				5D1D7AA719AE6A2B004D6325 /* Foundation.framework in Frameworks */,
			);
			runOnlyForDeploymentPostprocessing = 0;
		};
		5D1D7ABB19AE6A2B004D6325 /* Frameworks */ = {
			isa = PBXFrameworksBuildPhase;
			buildActionMask = 2147483647;
			files = (
				5D1D7AC019AE6A2B004D6325 /* XCTest.framework in Frameworks */,
				5D1D7AC219AE6A2B004D6325 /* UIKit.framework in Frameworks */,
				5D1D7AC119AE6A2B004D6325 /* Foundation.framework in Frameworks */,
			);
			runOnlyForDeploymentPostprocessing = 0;
		};
/* End PBXFrameworksBuildPhase section */

/* Begin PBXGroup section */
		5D1D7A9A19AE6A2B004D6325 = {
			isa = PBXGroup;
			children = (
				5D1D7AAC19AE6A2B004D6325 /* SimpleWeather */,
				5D1D7AC519AE6A2B004D6325 /* SimpleWeatherTests */,
				5D1D7AA519AE6A2B004D6325 /* Frameworks */,
				5D1D7AA419AE6A2B004D6325 /* Products */,
			);
			sourceTree = "<group>";
		};
		5D1D7AA419AE6A2B004D6325 /* Products */ = {
			isa = PBXGroup;
			children = (
				5D1D7AA319AE6A2B004D6325 /* SimpleWeather.app */,
				5D1D7ABE19AE6A2B004D6325 /* SimpleWeatherTests.xctest */,
			);
			name = Products;
			sourceTree = "<group>";
		};
		5D1D7AA519AE6A2B004D6325 /* Frameworks */ = {
			isa = PBXGroup;
			children = (
				5D1D7AA619AE6A2B004D6325 /* Foundation.framework */,
				5D1D7AA819AE6A2B004D6325 /* CoreGraphics.framework */,
				5D1D7AAA19AE6A2B004D6325 /* UIKit.framework */,
				5D1D7ABF19AE6A2B004D6325 /* XCTest.framework */,
			);
			name = Frameworks;
			sourceTree = "<group>";
		};
		5D1D7AAC19AE6A2B004D6325 /* SimpleWeather */ = {
			isa = PBXGroup;
			children = (
				5D1D7AB519AE6A2B004D6325 /* SimpleWeatherAppDelegate.h */,
				5D1D7AB619AE6A2B004D6325 /* SimpleWeatherAppDelegate.m */,
				5D1D7AB819AE6A2B004D6325 /* Images.xcassets */,
				5D1D7AAD19AE6A2B004D6325 /* Supporting Files */,
			);
			path = SimpleWeather;
			sourceTree = "<group>";
		};
		5D1D7AAD19AE6A2B004D6325 /* Supporting Files */ = {
			isa = PBXGroup;
			children = (
				5D1D7AAE19AE6A2B004D6325 /* SimpleWeather-Info.plist */,
				5D1D7AAF19AE6A2B004D6325 /* InfoPlist.strings */,
				5D1D7AB219AE6A2B004D6325 /* main.m */,
				5D1D7AB419AE6A2B004D6325 /* SimpleWeather-Prefix.pch */,
			);
			name = "Supporting Files";
			sourceTree = "<group>";
		};
		5D1D7AC519AE6A2B004D6325 /* SimpleWeatherTests */ = {
			isa = PBXGroup;
			children = (
				5D1D7ACB19AE6A2B004D6325 /* SimpleWeatherTests.m */,
				5D1D7AC619AE6A2B004D6325 /* Supporting Files */,
			);
			path = SimpleWeatherTests;
			sourceTree = "<group>";
		};
		5D1D7AC619AE6A2B004D6325 /* Supporting Files */ = {
			isa = PBXGroup;
			children = (
				5D1D7AC719AE6A2B004D6325 /* SimpleWeatherTests-Info.plist */,
				5D1D7AC819AE6A2B004D6325 /* InfoPlist.strings */,
			);
			name = "Supporting Files";
			sourceTree = "<group>";
		};
/* End PBXGroup section */

/* Begin PBXNativeTarget section */
		5D1D7AA219AE6A2B004D6325 /* SimpleWeather */ = {
			isa = PBXNativeTarget;
			buildConfigurationList = 5D1D7ACF19AE6A2B004D6325 /* Build configuration list for PBXNativeTarget "SimpleWeather" */;
			buildPhases = (
				5D1D7A9F19AE6A2B004D6325 /* Sources */,
				5D1D7AA019AE6A2B004D6325 /* Frameworks */,
				5D1D7AA119AE6A2B004D6325 /* Resources */,
			);
			buildRules = (
			);
			dependencies = (
			);
			name = SimpleWeather;
			productName = SimpleWeather;
			productReference = 5D1D7AA319AE6A2B004D6325 /* SimpleWeather.app */;
			productType = "com.apple.product-type.application";
		};
		5D1D7ABD19AE6A2B004D6325 /* SimpleWeatherTests */ = {
			isa = PBXNativeTarget;
			buildConfigurationList = 5D1D7AD219AE6A2B004D6325 /* Build configuration list for PBXNativeTarget "SimpleWeatherTests" */;
			buildPhases = (
				5D1D7ABA19AE6A2B004D6325 /* Sources */,
				5D1D7ABB19AE6A2B004D6325 /* Frameworks */,
				5D1D7ABC19AE6A2B004D6325 /* Resources */,
			);
			buildRules = (
			);
			dependencies = (
				5D1D7AC419AE6A2B004D6325 /* PBXTargetDependency */,
			);
			name = SimpleWeatherTests;
			productName = SimpleWeatherTests;
			productReference = 5D1D7ABE19AE6A2B004D6325 /* SimpleWeatherTests.xctest */;
			productType = "com.apple.product-type.bundle.unit-test";
		};
/* End PBXNativeTarget section */

/* Begin PBXProject section */
		5D1D7A9B19AE6A2B004D6325 /* Project object */ = {
			isa = PBXProject;
			attributes = {
				CLASSPREFIX = SimpleWeather;
				LastUpgradeCheck = 0510;
				TargetAttributes = {
					5D1D7ABD19AE6A2B004D6325 = {
						TestTargetID = 5D1D7AA219AE6A2B004D6325;
					};
				};
			};
			buildConfigurationList = 5D1D7A9E19AE6A2B004D6325 /* Build configuration list for PBXProject "SimpleWeather" */;
			compatibilityVersion = "Xcode 3.2";
			developmentRegion = English;
			hasScannedForEncodings = 0;
			knownRegions = (
				en,
			);
			mainGroup = 5D1D7A9A19AE6A2B004D6325;
			productRefGroup = 5D1D7AA419AE6A2B004D6325 /* Products */;
			projectDirPath = "";
			projectRoot = "";
			targets = (
				5D1D7AA219AE6A2B004D6325 /* SimpleWeather */,
				5D1D7ABD19AE6A2B004D6325 /* SimpleWeatherTests */,
			);
		};
/* End PBXProject section */

/* Begin PBXResourcesBuildPhase section */
		5D1D7AA119AE6A2B004D6325 /* Resources */ = {
			isa = PBXResourcesBuildPhase;
			buildActionMask = 2147483647;
			files = (
				5D1D7AB119AE6A2B004D6325 /* InfoPlist.strings in Resources */,
				5D1D7AB919AE6A2B004D6325 /* Images.xcassets in Resources */,
			);
			runOnlyForDeploymentPostprocessing = 0;
		};
		5D1D7ABC19AE6A2B004D6325 /* Resources */ = {
			isa = PBXResourcesBuildPhase;
			buildActionMask = 2147483647;
			files = (
				5D1D7ACA19AE6A2B004D6325 /* InfoPlist.strings in Resources */,
			);
			runOnlyForDeploymentPostprocessing = 0;
		};
/* End PBXResourcesBuildPhase section */

/* Begin PBXSourcesBuildPhase section */
		5D1D7A9F19AE6A2B004D6325 /* Sources */ = {
			isa = PBXSourcesBuildPhase;
			buildActionMask = 2147483647;
			files = (
				5D1D7AB319AE6A2B004D6325 /* main.m in Sources */,
				5D1D7AB719AE6A2B004D6325 /* SimpleWeatherAppDelegate.m in Sources */,
			);
			runOnlyForDeploymentPostprocessing = 0;
		};
		5D1D7ABA19AE6A2B004D6325 /* Sources */ = {
			isa = PBXSourcesBuildPhase;
			buildActionMask = 2147483647;
			files = (
				5D1D7ACC19AE6A2B004D6325 /* SimpleWeatherTests.m in Sources */,
			);
			runOnlyForDeploymentPostprocessing = 0;
		};
/* End PBXSourcesBuildPhase section */

/* Begin PBXTargetDependency section */
		5D1D7AC419AE6A2B004D6325 /* PBXTargetDependency */ = {
			isa = PBXTargetDependency;
			target = 5D1D7AA219AE6A2B004D6325 /* SimpleWeather */;
			targetProxy = 5D1D7AC319AE6A2B004D6325 /* PBXContainerItemProxy */;
		};
/* End PBXTargetDependency section */

/* Begin PBXVariantGroup section */
		5D1D7AAF19AE6A2B004D6325 /* InfoPlist.strings */ = {
			isa = PBXVariantGroup;
			children = (
				5D1D7AB019AE6A2B004D6325 /* en */,
			);
			name = InfoPlist.strings;
			sourceTree = "<group>";
		};
		5D1D7AC819AE6A2B004D6325 /* InfoPlist.strings */ = {
			isa = PBXVariantGroup;
			children = (
				5D1D7AC919AE6A2B004D6325 /* en */,
			);
			name = InfoPlist.strings;
			sourceTree = "<group>";
		};
/* End PBXVariantGroup section */

/* Begin XCBuildConfiguration section */
		5D1D7ACD19AE6A2B004D6325 /* Debug */ = {
			isa = XCBuildConfiguration;
			buildSettings = {
				ALWAYS_SEARCH_USER_PATHS = NO;
				CLANG_CXX_LANGUAGE_STANDARD = "gnu++0x";
				CLANG_CXX_LIBRARY = "libc++";
				CLANG_ENABLE_MODULES = YES;
				CLANG_ENABLE_OBJC_ARC = YES;
				CLANG_WARN_BOOL_CONVERSION = YES;
				CLANG_WARN_CONSTANT_CONVERSION = YES;
				CLANG_WARN_DIRECT_OBJC_ISA_USAGE = YES_ERROR;
				CLANG_WARN_EMPTY_BODY = YES;
				CLANG_WARN_ENUM_CONVERSION = YES;
				CLANG_WARN_INT_CONVERSION = YES;
				CLANG_WARN_OBJC_ROOT_CLASS = YES_ERROR;
				CLANG_WARN__DUPLICATE_METHOD_MATCH = YES;
				"CODE_SIGN_IDENTITY[sdk=iphoneos*]" = "iPhone Developer";
				COPY_PHASE_STRIP = NO;
				GCC_C_LANGUAGE_STANDARD = gnu99;
				GCC_DYNAMIC_NO_PIC = NO;
				GCC_OPTIMIZATION_LEVEL = 0;
				GCC_PREPROCESSOR_DEFINITIONS = (
					"DEBUG=1",
					"$(inherited)",
				);
				GCC_SYMBOLS_PRIVATE_EXTERN = NO;
				GCC_WARN_64_TO_32_BIT_CONVERSION = YES;
				GCC_WARN_ABOUT_RETURN_TYPE = YES_ERROR;
				GCC_WARN_UNDECLARED_SELECTOR = YES;
				GCC_WARN_UNINITIALIZED_AUTOS = YES_AGGRESSIVE;
				GCC_WARN_UNUSED_FUNCTION = YES;
				GCC_WARN_UNUSED_VARIABLE = YES;
				IPHONEOS_DEPLOYMENT_TARGET = 7.1;
				ONLY_ACTIVE_ARCH = YES;
				SDKROOT = iphoneos;
			};
			name = Debug;
		};
		5D1D7ACE19AE6A2B004D6325 /* Release */ = {
			isa = XCBuildConfiguration;
			buildSettings = {
				ALWAYS_SEARCH_USER_PATHS = NO;
				CLANG_CXX_LANGUAGE_STANDARD = "gnu++0x";
				CLANG_CXX_LIBRARY = "libc++";
				CLANG_ENABLE_MODULES = YES;
				CLANG_ENABLE_OBJC_ARC = YES;
				CLANG_WARN_BOOL_CONVERSION = YES;
				CLANG_WARN_CONSTANT_CONVERSION = YES;
				CLANG_WARN_DIRECT_OBJC_ISA_USAGE = YES_ERROR;
				CLANG_WARN_EMPTY_BODY = YES;
				CLANG_WARN_ENUM_CONVERSION = YES;
				CLANG_WARN_INT_CONVERSION = YES;
				CLANG_WARN_OBJC_ROOT_CLASS = YES_ERROR;
				CLANG_WARN__DUPLICATE_METHOD_MATCH = YES;
				"CODE_SIGN_IDENTITY[sdk=iphoneos*]" = "iPhone Developer";
				COPY_PHASE_STRIP = YES;
				ENABLE_NS_ASSERTIONS = NO;
				GCC_C_LANGUAGE_STANDARD = gnu99;
				GCC_WARN_64_TO_32_BIT_CONVERSION = YES;
				GCC_WARN_ABOUT_RETURN_TYPE = YES_ERROR;
				GCC_WARN_UNDECLARED_SELECTOR = YES;
				GCC_WARN_UNINITIALIZED_AUTOS = YES_AGGRESSIVE;
				GCC_WARN_UNUSED_FUNCTION = YES;
				GCC_WARN_UNUSED_VARIABLE = YES;
				IPHONEOS_DEPLOYMENT_TARGET = 7.1;
				SDKROOT = iphoneos;
				VALIDATE_PRODUCT = YES;
			};
			name = Release;
		};
		5D1D7AD019AE6A2B004D6325 /* Debug */ = {
			isa = XCBuildConfiguration;
			buildSettings = {
				ASSETCATALOG_COMPILER_APPICON_NAME = AppIcon;
				ASSETCATALOG_COMPILER_LAUNCHIMAGE_NAME = LaunchImage;
				GCC_PRECOMPILE_PREFIX_HEADER = YES;
				GCC_PREFIX_HEADER = "SimpleWeather/SimpleWeather-Prefix.pch";
				INFOPLIST_FILE = "SimpleWeather/SimpleWeather-Info.plist";
				PRODUCT_NAME = "$(TARGET_NAME)";
				WRAPPER_EXTENSION = app;
			};
			name = Debug;
		};
		5D1D7AD119AE6A2B004D6325 /* Release */ = {
			isa = XCBuildConfiguration;
			buildSettings = {
				ASSETCATALOG_COMPILER_APPICON_NAME = AppIcon;
				ASSETCATALOG_COMPILER_LAUNCHIMAGE_NAME = LaunchImage;
				GCC_PRECOMPILE_PREFIX_HEADER = YES;
				GCC_PREFIX_HEADER = "SimpleWeather/SimpleWeather-Prefix.pch";
				INFOPLIST_FILE = "SimpleWeather/SimpleWeather-Info.plist";
				PRODUCT_NAME = "$(TARGET_NAME)";
				WRAPPER_EXTENSION = app;
			};
			name = Release;
		};
		5D1D7AD319AE6A2B004D6325 /* Debug */ = {
			isa = XCBuildConfiguration;
			buildSettings = {
				BUNDLE_LOADER = "$(BUILT_PRODUCTS_DIR)/SimpleWeather.app/SimpleWeather";
				FRAMEWORK_SEARCH_PATHS = (
					"$(SDKROOT)/Developer/Library/Frameworks",
					"$(inherited)",
					"$(DEVELOPER_FRAMEWORKS_DIR)",
				);
				GCC_PRECOMPILE_PREFIX_HEADER = YES;
				GCC_PREFIX_HEADER = "SimpleWeather/SimpleWeather-Prefix.pch";
				GCC_PREPROCESSOR_DEFINITIONS = (
					"DEBUG=1",
					"$(inherited)",
				);
				INFOPLIST_FILE = "SimpleWeatherTests/SimpleWeatherTests-Info.plist";
				PRODUCT_NAME = "$(TARGET_NAME)";
				TEST_HOST = "$(BUNDLE_LOADER)";
				WRAPPER_EXTENSION = xctest;
			};
			name = Debug;
		};
		5D1D7AD419AE6A2B004D6325 /* Release */ = {
			isa = XCBuildConfiguration;
			buildSettings = {
				BUNDLE_LOADER = "$(BUILT_PRODUCTS_DIR)/SimpleWeather.app/SimpleWeather";
				FRAMEWORK_SEARCH_PATHS = (
					"$(SDKROOT)/Developer/Library/Frameworks",
					"$(inherited)",
					"$(DEVELOPER_FRAMEWORKS_DIR)",
				);
				GCC_PRECOMPILE_PREFIX_HEADER = YES;
				GCC_PREFIX_HEADER = "SimpleWeather/SimpleWeather-Prefix.pch";
				INFOPLIST_FILE = "SimpleWeatherTests/SimpleWeatherTests-Info.plist";
				PRODUCT_NAME = "$(TARGET_NAME)";
				TEST_HOST = "$(BUNDLE_LOADER)";
				WRAPPER_EXTENSION = xctest;
			};
			name = Release;
		};
/* End XCBuildConfiguration section */

/* Begin XCConfigurationList section */
		5D1D7A9E19AE6A2B004D6325 /* Build configuration list for PBXProject "SimpleWeather" */ = {
			isa = XCConfigurationList;
			buildConfigurations = (
				5D1D7ACD19AE6A2B004D6325 /* Debug */,
				5D1D7ACE19AE6A2B004D6325 /* Release */,
			);
			defaultConfigurationIsVisible = 0;
			defaultConfigurationName = Release;
		};
		5D1D7ACF19AE6A2B004D6325 /* Build configuration list for PBXNativeTarget "SimpleWeather" */ = {
			isa = XCConfigurationList;
			buildConfigurations = (
				5D1D7AD019AE6A2B004D6325 /* Debug */,
				5D1D7AD119AE6A2B004D6325 /* Release */,
			);
			defaultConfigurationIsVisible = 0;
		};
		5D1D7AD219AE6A2B004D6325 /* Build configuration list for PBXNativeTarget "SimpleWeatherTests" */ = {
			isa = XCConfigurationList;
			buildConfigurations = (
				5D1D7AD319AE6A2B004D6325 /* Debug */,
				5D1D7AD419AE6A2B004D6325 /* Release */,
			);
			defaultConfigurationIsVisible = 0;
		};
/* End XCConfigurationList section */
	};
	rootObject = 5D1D7A9B19AE6A2B004D6325 /* Project object */;
}
